// !$*UTF8*$!
{
	archiveVersion = 1;
	classes = {
	};
	objectVersion = 56;
	objects = {

/* Begin PBXBuildFile section */
		FA17D85F2AF51D1C00FC53C0 /* AppDelegate.swift in Sources */ = {isa = PBXBuildFile; fileRef = FA17D85E2AF51D1C00FC53C0 /* AppDelegate.swift */; };
		FA17D8612AF51D1C00FC53C0 /* SceneDelegate.swift in Sources */ = {isa = PBXBuildFile; fileRef = FA17D8602AF51D1C00FC53C0 /* SceneDelegate.swift */; };
		FA17D8662AF51D1C00FC53C0 /* MainView.storyboard in Resources */ = {isa = PBXBuildFile; fileRef = FA17D8642AF51D1C00FC53C0 /* MainView.storyboard */; };
		FA17D8692AF51D1C00FC53C0 /* ScandTest.xcdatamodeld in Sources */ = {isa = PBXBuildFile; fileRef = FA17D8672AF51D1C00FC53C0 /* ScandTest.xcdatamodeld */; };
		FA17D86B2AF51D1F00FC53C0 /* Assets.xcassets in Resources */ = {isa = PBXBuildFile; fileRef = FA17D86A2AF51D1F00FC53C0 /* Assets.xcassets */; };
		FA17D86E2AF51D1F00FC53C0 /* LaunchScreen.storyboard in Resources */ = {isa = PBXBuildFile; fileRef = FA17D86C2AF51D1F00FC53C0 /* LaunchScreen.storyboard */; };
		FA243E8B2AF6500600D1C647 /* Product.swift in Sources */ = {isa = PBXBuildFile; fileRef = FA243E8A2AF6500600D1C647 /* Product.swift */; };
		FA243E8D2AF6527600D1C647 /* ProductStore.swift in Sources */ = {isa = PBXBuildFile; fileRef = FA243E8C2AF6527600D1C647 /* ProductStore.swift */; };
		FA243E8F2AF6557100D1C647 /* GoogleService-Info.plist in Resources */ = {isa = PBXBuildFile; fileRef = FA243E8E2AF6557100D1C647 /* GoogleService-Info.plist */; };
		FA243E952AF679C200D1C647 /* ProductNetworkManager.swift in Sources */ = {isa = PBXBuildFile; fileRef = FA243E942AF679C200D1C647 /* ProductNetworkManager.swift */; };
		FA243E972AF67AEB00D1C647 /* FirestoreProductNetworkManager.swift in Sources */ = {isa = PBXBuildFile; fileRef = FA243E962AF67AEB00D1C647 /* FirestoreProductNetworkManager.swift */; };
		FA243E9A2AF67F7A00D1C647 /* FirebaseAnalytics in Frameworks */ = {isa = PBXBuildFile; productRef = FA243E992AF67F7A00D1C647 /* FirebaseAnalytics */; };
		FA243E9C2AF67F7A00D1C647 /* FirebaseAuth in Frameworks */ = {isa = PBXBuildFile; productRef = FA243E9B2AF67F7A00D1C647 /* FirebaseAuth */; };
		FA243E9E2AF67F7A00D1C647 /* FirebaseAuthCombine-Community in Frameworks */ = {isa = PBXBuildFile; productRef = FA243E9D2AF67F7A00D1C647 /* FirebaseAuthCombine-Community */; };
		FA243EA02AF67F7A00D1C647 /* FirebaseCrashlytics in Frameworks */ = {isa = PBXBuildFile; productRef = FA243E9F2AF67F7A00D1C647 /* FirebaseCrashlytics */; };
		FA243EA22AF67F7A00D1C647 /* FirebaseDatabase in Frameworks */ = {isa = PBXBuildFile; productRef = FA243EA12AF67F7A00D1C647 /* FirebaseDatabase */; };
		FA243EA42AF67F7A00D1C647 /* FirebaseFirestore in Frameworks */ = {isa = PBXBuildFile; productRef = FA243EA32AF67F7A00D1C647 /* FirebaseFirestore */; };
		FA243EA62AF67F7A00D1C647 /* FirebaseFirestoreCombine-Community in Frameworks */ = {isa = PBXBuildFile; productRef = FA243EA52AF67F7A00D1C647 /* FirebaseFirestoreCombine-Community */; };
		FAB9A4712AFA498B0087BE01 /* AdminOrdersTableViewController.swift in Sources */ = {isa = PBXBuildFile; fileRef = FAB9A4702AFA498B0087BE01 /* AdminOrdersTableViewController.swift */; };
		FAB9A4742AFA4A4A0087BE01 /* AdminOrderCell.swift in Sources */ = {isa = PBXBuildFile; fileRef = FAB9A4722AFA4A4A0087BE01 /* AdminOrderCell.swift */; };
		FAB9A4752AFA4A4A0087BE01 /* AdminOrderCell.xib in Resources */ = {isa = PBXBuildFile; fileRef = FAB9A4732AFA4A4A0087BE01 /* AdminOrderCell.xib */; };
		FAE17DD22AF784A00040C355 /* UserViewController.swift in Sources */ = {isa = PBXBuildFile; fileRef = FAE17DD12AF784A00040C355 /* UserViewController.swift */; };
		FAE17DD42AF784DD0040C355 /* AdminAuthController.swift in Sources */ = {isa = PBXBuildFile; fileRef = FAE17DD32AF784DD0040C355 /* AdminAuthController.swift */; };
		FAE17DDF2AF7C5C20040C355 /* ProductCell.swift in Sources */ = {isa = PBXBuildFile; fileRef = FAE17DDD2AF7C5C20040C355 /* ProductCell.swift */; };
		FAE17DE02AF7C5C20040C355 /* ProductCell.xib in Resources */ = {isa = PBXBuildFile; fileRef = FAE17DDE2AF7C5C20040C355 /* ProductCell.xib */; };
		FAE17E0F2AF7F83B0040C355 /* ProductSheet.swift in Sources */ = {isa = PBXBuildFile; fileRef = FAE17E0D2AF7F83B0040C355 /* ProductSheet.swift */; };
		FAE17E102AF7F83B0040C355 /* ProductSheet.xib in Resources */ = {isa = PBXBuildFile; fileRef = FAE17E0E2AF7F83B0040C355 /* ProductSheet.xib */; };
		FAE17E172AF8E2DB0040C355 /* OrderViewController.swift in Sources */ = {isa = PBXBuildFile; fileRef = FAE17E152AF8E2DB0040C355 /* OrderViewController.swift */; };
		FAE17E182AF8E2DB0040C355 /* OrderView.xib in Resources */ = {isa = PBXBuildFile; fileRef = FAE17E162AF8E2DB0040C355 /* OrderView.xib */; };
		FAE17E1A2AF916730040C355 /* UIViewExtension.swift in Sources */ = {isa = PBXBuildFile; fileRef = FAE17E192AF916730040C355 /* UIViewExtension.swift */; };
		FAE17E1C2AF9280A0040C355 /* Order.swift in Sources */ = {isa = PBXBuildFile; fileRef = FAE17E1B2AF9280A0040C355 /* Order.swift */; };
		FAE17E1E2AF928B90040C355 /* User.swift in Sources */ = {isa = PBXBuildFile; fileRef = FAE17E1D2AF928B90040C355 /* User.swift */; };
		FAE17E202AF92A1A0040C355 /* OrderNetworkMananger.swift in Sources */ = {isa = PBXBuildFile; fileRef = FAE17E1F2AF92A1A0040C355 /* OrderNetworkMananger.swift */; };
		FAE17E222AF92EB40040C355 /* FirebaseRTDBOrderNetworkMananger.swift in Sources */ = {isa = PBXBuildFile; fileRef = FAE17E212AF92EB40040C355 /* FirebaseRTDBOrderNetworkMananger.swift */; };
		FAE17E242AF94D050040C355 /* UserCacher.swift in Sources */ = {isa = PBXBuildFile; fileRef = FAE17E232AF94D050040C355 /* UserCacher.swift */; };
		FAE17E262AF94DBD0040C355 /* CoreDataUserCacher.swift in Sources */ = {isa = PBXBuildFile; fileRef = FAE17E252AF94DBD0040C355 /* CoreDataUserCacher.swift */; };
		FAE17E282AF9E06E0040C355 /* ImageFetcher.swift in Sources */ = {isa = PBXBuildFile; fileRef = FAE17E272AF9E06E0040C355 /* ImageFetcher.swift */; };
/* End PBXBuildFile section */

/* Begin PBXFileReference section */
		FA17D85B2AF51D1C00FC53C0 /* ScandTest.app */ = {isa = PBXFileReference; explicitFileType = wrapper.application; includeInIndex = 0; path = ScandTest.app; sourceTree = BUILT_PRODUCTS_DIR; };
		FA17D85E2AF51D1C00FC53C0 /* AppDelegate.swift */ = {isa = PBXFileReference; lastKnownFileType = sourcecode.swift; path = AppDelegate.swift; sourceTree = "<group>"; };
		FA17D8602AF51D1C00FC53C0 /* SceneDelegate.swift */ = {isa = PBXFileReference; lastKnownFileType = sourcecode.swift; path = SceneDelegate.swift; sourceTree = "<group>"; };
		FA17D8652AF51D1C00FC53C0 /* Base */ = {isa = PBXFileReference; lastKnownFileType = file.storyboard; name = Base; path = Base.lproj/MainView.storyboard; sourceTree = "<group>"; };
		FA17D8682AF51D1C00FC53C0 /* ScandTest.xcdatamodel */ = {isa = PBXFileReference; lastKnownFileType = wrapper.xcdatamodel; path = ScandTest.xcdatamodel; sourceTree = "<group>"; };
		FA17D86A2AF51D1F00FC53C0 /* Assets.xcassets */ = {isa = PBXFileReference; lastKnownFileType = folder.assetcatalog; path = Assets.xcassets; sourceTree = "<group>"; };
		FA17D86D2AF51D1F00FC53C0 /* Base */ = {isa = PBXFileReference; lastKnownFileType = file.storyboard; name = Base; path = Base.lproj/LaunchScreen.storyboard; sourceTree = "<group>"; };
		FA17D86F2AF51D1F00FC53C0 /* Info.plist */ = {isa = PBXFileReference; lastKnownFileType = text.plist.xml; path = Info.plist; sourceTree = "<group>"; };
		FA243E8A2AF6500600D1C647 /* Product.swift */ = {isa = PBXFileReference; lastKnownFileType = sourcecode.swift; path = Product.swift; sourceTree = "<group>"; };
		FA243E8C2AF6527600D1C647 /* ProductStore.swift */ = {isa = PBXFileReference; lastKnownFileType = sourcecode.swift; path = ProductStore.swift; sourceTree = "<group>"; };
		FA243E8E2AF6557100D1C647 /* GoogleService-Info.plist */ = {isa = PBXFileReference; fileEncoding = 4; lastKnownFileType = text.plist.xml; path = "GoogleService-Info.plist"; sourceTree = "<group>"; };
		FA243E942AF679C200D1C647 /* ProductNetworkManager.swift */ = {isa = PBXFileReference; lastKnownFileType = sourcecode.swift; path = ProductNetworkManager.swift; sourceTree = "<group>"; };
		FA243E962AF67AEB00D1C647 /* FirestoreProductNetworkManager.swift */ = {isa = PBXFileReference; lastKnownFileType = sourcecode.swift; path = FirestoreProductNetworkManager.swift; sourceTree = "<group>"; };
		FAB9A4702AFA498B0087BE01 /* AdminOrdersTableViewController.swift */ = {isa = PBXFileReference; lastKnownFileType = sourcecode.swift; path = AdminOrdersTableViewController.swift; sourceTree = "<group>"; };
		FAB9A4722AFA4A4A0087BE01 /* AdminOrderCell.swift */ = {isa = PBXFileReference; lastKnownFileType = sourcecode.swift; path = AdminOrderCell.swift; sourceTree = "<group>"; };
		FAB9A4732AFA4A4A0087BE01 /* AdminOrderCell.xib */ = {isa = PBXFileReference; lastKnownFileType = file.xib; path = AdminOrderCell.xib; sourceTree = "<group>"; };
		FAE17DD12AF784A00040C355 /* UserViewController.swift */ = {isa = PBXFileReference; lastKnownFileType = sourcecode.swift; path = UserViewController.swift; sourceTree = "<group>"; };
		FAE17DD32AF784DD0040C355 /* AdminAuthController.swift */ = {isa = PBXFileReference; lastKnownFileType = sourcecode.swift; path = AdminAuthController.swift; sourceTree = "<group>"; };
		FAE17DDD2AF7C5C20040C355 /* ProductCell.swift */ = {isa = PBXFileReference; lastKnownFileType = sourcecode.swift; path = ProductCell.swift; sourceTree = "<group>"; };
		FAE17DDE2AF7C5C20040C355 /* ProductCell.xib */ = {isa = PBXFileReference; lastKnownFileType = file.xib; path = ProductCell.xib; sourceTree = "<group>"; };
		FAE17E0D2AF7F83B0040C355 /* ProductSheet.swift */ = {isa = PBXFileReference; lastKnownFileType = sourcecode.swift; path = ProductSheet.swift; sourceTree = "<group>"; };
		FAE17E0E2AF7F83B0040C355 /* ProductSheet.xib */ = {isa = PBXFileReference; lastKnownFileType = file.xib; path = ProductSheet.xib; sourceTree = "<group>"; };
		FAE17E152AF8E2DB0040C355 /* OrderViewController.swift */ = {isa = PBXFileReference; lastKnownFileType = sourcecode.swift; path = OrderViewController.swift; sourceTree = "<group>"; };
		FAE17E162AF8E2DB0040C355 /* OrderView.xib */ = {isa = PBXFileReference; lastKnownFileType = file.xib; path = OrderView.xib; sourceTree = "<group>"; };
		FAE17E192AF916730040C355 /* UIViewExtension.swift */ = {isa = PBXFileReference; lastKnownFileType = sourcecode.swift; path = UIViewExtension.swift; sourceTree = "<group>"; };
		FAE17E1B2AF9280A0040C355 /* Order.swift */ = {isa = PBXFileReference; lastKnownFileType = sourcecode.swift; path = Order.swift; sourceTree = "<group>"; };
		FAE17E1D2AF928B90040C355 /* User.swift */ = {isa = PBXFileReference; lastKnownFileType = sourcecode.swift; path = User.swift; sourceTree = "<group>"; };
		FAE17E1F2AF92A1A0040C355 /* OrderNetworkMananger.swift */ = {isa = PBXFileReference; lastKnownFileType = sourcecode.swift; path = OrderNetworkMananger.swift; sourceTree = "<group>"; };
		FAE17E212AF92EB40040C355 /* FirebaseRTDBOrderNetworkMananger.swift */ = {isa = PBXFileReference; lastKnownFileType = sourcecode.swift; path = FirebaseRTDBOrderNetworkMananger.swift; sourceTree = "<group>"; };
		FAE17E232AF94D050040C355 /* UserCacher.swift */ = {isa = PBXFileReference; lastKnownFileType = sourcecode.swift; path = UserCacher.swift; sourceTree = "<group>"; };
		FAE17E252AF94DBD0040C355 /* CoreDataUserCacher.swift */ = {isa = PBXFileReference; lastKnownFileType = sourcecode.swift; path = CoreDataUserCacher.swift; sourceTree = "<group>"; };
		FAE17E272AF9E06E0040C355 /* ImageFetcher.swift */ = {isa = PBXFileReference; lastKnownFileType = sourcecode.swift; path = ImageFetcher.swift; sourceTree = "<group>"; };
/* End PBXFileReference section */

/* Begin PBXFrameworksBuildPhase section */
		FA17D8582AF51D1C00FC53C0 /* Frameworks */ = {
			isa = PBXFrameworksBuildPhase;
			buildActionMask = 2147483647;
			files = (
				FA243EA22AF67F7A00D1C647 /* FirebaseDatabase in Frameworks */,
				FA243E9A2AF67F7A00D1C647 /* FirebaseAnalytics in Frameworks */,
				FA243EA02AF67F7A00D1C647 /* FirebaseCrashlytics in Frameworks */,
				FA243E9E2AF67F7A00D1C647 /* FirebaseAuthCombine-Community in Frameworks */,
				FA243E9C2AF67F7A00D1C647 /* FirebaseAuth in Frameworks */,
				FA243EA42AF67F7A00D1C647 /* FirebaseFirestore in Frameworks */,
				FA243EA62AF67F7A00D1C647 /* FirebaseFirestoreCombine-Community in Frameworks */,
			);
			runOnlyForDeploymentPostprocessing = 0;
		};
/* End PBXFrameworksBuildPhase section */

/* Begin PBXGroup section */
		FA17D8522AF51D1C00FC53C0 = {
			isa = PBXGroup;
			children = (
				FA17D85D2AF51D1C00FC53C0 /* ScandTest */,
				FA17D85C2AF51D1C00FC53C0 /* Products */,
			);
			sourceTree = "<group>";
		};
		FA17D85C2AF51D1C00FC53C0 /* Products */ = {
			isa = PBXGroup;
			children = (
				FA17D85B2AF51D1C00FC53C0 /* ScandTest.app */,
			);
			name = Products;
			sourceTree = "<group>";
		};
		FA17D85D2AF51D1C00FC53C0 /* ScandTest */ = {
			isa = PBXGroup;
			children = (
				FA243E872AF64BBD00D1C647 /* Model */,
				FA243E882AF64BC900D1C647 /* Controller */,
				FA243E892AF64BDD00D1C647 /* View */,
				FA17D85E2AF51D1C00FC53C0 /* AppDelegate.swift */,
				FA17D8602AF51D1C00FC53C0 /* SceneDelegate.swift */,
				FAE17E192AF916730040C355 /* UIViewExtension.swift */,
				FA17D86A2AF51D1F00FC53C0 /* Assets.xcassets */,
				FA17D86F2AF51D1F00FC53C0 /* Info.plist */,
				FA17D8672AF51D1C00FC53C0 /* ScandTest.xcdatamodeld */,
				FA243E8E2AF6557100D1C647 /* GoogleService-Info.plist */,
			);
			path = ScandTest;
			sourceTree = "<group>";
		};
		FA243E872AF64BBD00D1C647 /* Model */ = {
			isa = PBXGroup;
			children = (
				FA243E8A2AF6500600D1C647 /* Product.swift */,
				FA243E8C2AF6527600D1C647 /* ProductStore.swift */,
				FA243E942AF679C200D1C647 /* ProductNetworkManager.swift */,
				FA243E962AF67AEB00D1C647 /* FirestoreProductNetworkManager.swift */,
				FAE17E1D2AF928B90040C355 /* User.swift */,
				FAE17E232AF94D050040C355 /* UserCacher.swift */,
				FAE17E252AF94DBD0040C355 /* CoreDataUserCacher.swift */,
				FAE17E1B2AF9280A0040C355 /* Order.swift */,
				FAE17E1F2AF92A1A0040C355 /* OrderNetworkMananger.swift */,
				FAE17E212AF92EB40040C355 /* FirebaseRTDBOrderNetworkMananger.swift */,
				FAE17E272AF9E06E0040C355 /* ImageFetcher.swift */,
			);
			path = Model;
			sourceTree = "<group>";
		};
		FA243E882AF64BC900D1C647 /* Controller */ = {
			isa = PBXGroup;
			children = (
				FAE17DD12AF784A00040C355 /* UserViewController.swift */,
				FAE17DDD2AF7C5C20040C355 /* ProductCell.swift */,
				FAE17E0D2AF7F83B0040C355 /* ProductSheet.swift */,
				FAE17E152AF8E2DB0040C355 /* OrderViewController.swift */,
				FAE17DD32AF784DD0040C355 /* AdminAuthController.swift */,
				FAB9A4702AFA498B0087BE01 /* AdminOrdersTableViewController.swift */,
				FAB9A4722AFA4A4A0087BE01 /* AdminOrderCell.swift */,
			);
			path = Controller;
			sourceTree = "<group>";
		};
		FA243E892AF64BDD00D1C647 /* View */ = {
			isa = PBXGroup;
			children = (
				FA17D8642AF51D1C00FC53C0 /* MainView.storyboard */,
				FAE17DDE2AF7C5C20040C355 /* ProductCell.xib */,
				FAE17E0E2AF7F83B0040C355 /* ProductSheet.xib */,
				FAE17E162AF8E2DB0040C355 /* OrderView.xib */,
				FAB9A4732AFA4A4A0087BE01 /* AdminOrderCell.xib */,
				FA17D86C2AF51D1F00FC53C0 /* LaunchScreen.storyboard */,
			);
			path = View;
			sourceTree = "<group>";
		};
/* End PBXGroup section */

/* Begin PBXNativeTarget section */
		FA17D85A2AF51D1C00FC53C0 /* ScandTest */ = {
			isa = PBXNativeTarget;
			buildConfigurationList = FA17D8722AF51D1F00FC53C0 /* Build configuration list for PBXNativeTarget "ScandTest" */;
			buildPhases = (
				FA17D8572AF51D1C00FC53C0 /* Sources */,
				FA17D8582AF51D1C00FC53C0 /* Frameworks */,
				FA17D8592AF51D1C00FC53C0 /* Resources */,
			);
			buildRules = (
			);
			dependencies = (
			);
			name = ScandTest;
			packageProductDependencies = (
				FA243E992AF67F7A00D1C647 /* FirebaseAnalytics */,
				FA243E9B2AF67F7A00D1C647 /* FirebaseAuth */,
				FA243E9D2AF67F7A00D1C647 /* FirebaseAuthCombine-Community */,
				FA243E9F2AF67F7A00D1C647 /* FirebaseCrashlytics */,
				FA243EA12AF67F7A00D1C647 /* FirebaseDatabase */,
				FA243EA32AF67F7A00D1C647 /* FirebaseFirestore */,
				FA243EA52AF67F7A00D1C647 /* FirebaseFirestoreCombine-Community */,
			);
			productName = ScandTest;
			productReference = FA17D85B2AF51D1C00FC53C0 /* ScandTest.app */;
			productType = "com.apple.product-type.application";
		};
/* End PBXNativeTarget section */

/* Begin PBXProject section */
		FA17D8532AF51D1C00FC53C0 /* Project object */ = {
			isa = PBXProject;
			attributes = {
				BuildIndependentTargetsInParallel = 1;
				LastSwiftUpdateCheck = 1500;
				LastUpgradeCheck = 1500;
				TargetAttributes = {
					FA17D85A2AF51D1C00FC53C0 = {
						CreatedOnToolsVersion = 15.0.1;
					};
				};
			};
			buildConfigurationList = FA17D8562AF51D1C00FC53C0 /* Build configuration list for PBXProject "ScandTest" */;
			compatibilityVersion = "Xcode 14.0";
			developmentRegion = en;
			hasScannedForEncodings = 0;
			knownRegions = (
				en,
				Base,
			);
			mainGroup = FA17D8522AF51D1C00FC53C0;
			packageReferences = (
				FA243E982AF67F7A00D1C647 /* XCRemoteSwiftPackageReference "firebase-ios-sdk" */,
			);
			productRefGroup = FA17D85C2AF51D1C00FC53C0 /* Products */;
			projectDirPath = "";
			projectRoot = "";
			targets = (
				FA17D85A2AF51D1C00FC53C0 /* ScandTest */,
			);
		};
/* End PBXProject section */

/* Begin PBXResourcesBuildPhase section */
		FA17D8592AF51D1C00FC53C0 /* Resources */ = {
			isa = PBXResourcesBuildPhase;
			buildActionMask = 2147483647;
			files = (
				FAB9A4752AFA4A4A0087BE01 /* AdminOrderCell.xib in Resources */,
				FAE17E182AF8E2DB0040C355 /* OrderView.xib in Resources */,
				FA17D86E2AF51D1F00FC53C0 /* LaunchScreen.storyboard in Resources */,
				FAE17E102AF7F83B0040C355 /* ProductSheet.xib in Resources */,
				FA17D86B2AF51D1F00FC53C0 /* Assets.xcassets in Resources */,
				FAE17DE02AF7C5C20040C355 /* ProductCell.xib in Resources */,
				FA243E8F2AF6557100D1C647 /* GoogleService-Info.plist in Resources */,
				FA17D8662AF51D1C00FC53C0 /* MainView.storyboard in Resources */,
			);
			runOnlyForDeploymentPostprocessing = 0;
		};
/* End PBXResourcesBuildPhase section */

/* Begin PBXSourcesBuildPhase section */
		FA17D8572AF51D1C00FC53C0 /* Sources */ = {
			isa = PBXSourcesBuildPhase;
			buildActionMask = 2147483647;
			files = (
				FAE17E242AF94D050040C355 /* UserCacher.swift in Sources */,
				FAE17E1A2AF916730040C355 /* UIViewExtension.swift in Sources */,
				FAE17DD42AF784DD0040C355 /* AdminAuthController.swift in Sources */,
				FAE17E1C2AF9280A0040C355 /* Order.swift in Sources */,
				FAB9A4742AFA4A4A0087BE01 /* AdminOrderCell.swift in Sources */,
				FAE17E262AF94DBD0040C355 /* CoreDataUserCacher.swift in Sources */,
				FA17D85F2AF51D1C00FC53C0 /* AppDelegate.swift in Sources */,
				FA243E8B2AF6500600D1C647 /* Product.swift in Sources */,
				FAE17E172AF8E2DB0040C355 /* OrderViewController.swift in Sources */,
				FAE17DD22AF784A00040C355 /* UserViewController.swift in Sources */,
				FAE17E282AF9E06E0040C355 /* ImageFetcher.swift in Sources */,
				FAE17E1E2AF928B90040C355 /* User.swift in Sources */,
				FAB9A4712AFA498B0087BE01 /* AdminOrdersTableViewController.swift in Sources */,
				FA243E8D2AF6527600D1C647 /* ProductStore.swift in Sources */,
				FAE17E202AF92A1A0040C355 /* OrderNetworkMananger.swift in Sources */,
				FA243E972AF67AEB00D1C647 /* FirestoreProductNetworkManager.swift in Sources */,
				FA17D8612AF51D1C00FC53C0 /* SceneDelegate.swift in Sources */,
				FAE17DDF2AF7C5C20040C355 /* ProductCell.swift in Sources */,
				FA243E952AF679C200D1C647 /* ProductNetworkManager.swift in Sources */,
				FA17D8692AF51D1C00FC53C0 /* ScandTest.xcdatamodeld in Sources */,
				FAE17E0F2AF7F83B0040C355 /* ProductSheet.swift in Sources */,
				FAE17E222AF92EB40040C355 /* FirebaseRTDBOrderNetworkMananger.swift in Sources */,
			);
			runOnlyForDeploymentPostprocessing = 0;
		};
/* End PBXSourcesBuildPhase section */

/* Begin PBXVariantGroup section */
		FA17D8642AF51D1C00FC53C0 /* MainView.storyboard */ = {
			isa = PBXVariantGroup;
			children = (
				FA17D8652AF51D1C00FC53C0 /* Base */,
			);
			name = MainView.storyboard;
			sourceTree = "<group>";
		};
		FA17D86C2AF51D1F00FC53C0 /* LaunchScreen.storyboard */ = {
			isa = PBXVariantGroup;
			children = (
				FA17D86D2AF51D1F00FC53C0 /* Base */,
			);
			name = LaunchScreen.storyboard;
			sourceTree = "<group>";
		};
/* End PBXVariantGroup section */

/* Begin XCBuildConfiguration section */
		FA17D8702AF51D1F00FC53C0 /* Debug */ = {
			isa = XCBuildConfiguration;
			buildSettings = {
				ALWAYS_SEARCH_USER_PATHS = NO;
				ASSETCATALOG_COMPILER_GENERATE_SWIFT_ASSET_SYMBOL_EXTENSIONS = YES;
				CLANG_ANALYZER_NONNULL = YES;
				CLANG_ANALYZER_NUMBER_OBJECT_CONVERSION = YES_AGGRESSIVE;
				CLANG_CXX_LANGUAGE_STANDARD = "gnu++20";
				CLANG_ENABLE_MODULES = YES;
				CLANG_ENABLE_OBJC_ARC = YES;
				CLANG_ENABLE_OBJC_WEAK = YES;
				CLANG_WARN_BLOCK_CAPTURE_AUTORELEASING = YES;
				CLANG_WARN_BOOL_CONVERSION = YES;
				CLANG_WARN_COMMA = YES;
				CLANG_WARN_CONSTANT_CONVERSION = YES;
				CLANG_WARN_DEPRECATED_OBJC_IMPLEMENTATIONS = YES;
				CLANG_WARN_DIRECT_OBJC_ISA_USAGE = YES_ERROR;
				CLANG_WARN_DOCUMENTATION_COMMENTS = YES;
				CLANG_WARN_EMPTY_BODY = YES;
				CLANG_WARN_ENUM_CONVERSION = YES;
				CLANG_WARN_INFINITE_RECURSION = YES;
				CLANG_WARN_INT_CONVERSION = YES;
				CLANG_WARN_NON_LITERAL_NULL_CONVERSION = YES;
				CLANG_WARN_OBJC_IMPLICIT_RETAIN_SELF = YES;
				CLANG_WARN_OBJC_LITERAL_CONVERSION = YES;
				CLANG_WARN_OBJC_ROOT_CLASS = YES_ERROR;
				CLANG_WARN_QUOTED_INCLUDE_IN_FRAMEWORK_HEADER = YES;
				CLANG_WARN_RANGE_LOOP_ANALYSIS = YES;
				CLANG_WARN_STRICT_PROTOTYPES = YES;
				CLANG_WARN_SUSPICIOUS_MOVE = YES;
				CLANG_WARN_UNGUARDED_AVAILABILITY = YES_AGGRESSIVE;
				CLANG_WARN_UNREACHABLE_CODE = YES;
				CLANG_WARN__DUPLICATE_METHOD_MATCH = YES;
				COPY_PHASE_STRIP = NO;
				DEBUG_INFORMATION_FORMAT = dwarf;
				ENABLE_STRICT_OBJC_MSGSEND = YES;
				ENABLE_TESTABILITY = YES;
				ENABLE_USER_SCRIPT_SANDBOXING = YES;
				GCC_C_LANGUAGE_STANDARD = gnu17;
				GCC_DYNAMIC_NO_PIC = NO;
				GCC_NO_COMMON_BLOCKS = YES;
				GCC_OPTIMIZATION_LEVEL = 0;
				GCC_PREPROCESSOR_DEFINITIONS = (
					"DEBUG=1",
					"$(inherited)",
				);
				GCC_WARN_64_TO_32_BIT_CONVERSION = YES;
				GCC_WARN_ABOUT_RETURN_TYPE = YES_ERROR;
				GCC_WARN_UNDECLARED_SELECTOR = YES;
				GCC_WARN_UNINITIALIZED_AUTOS = YES_AGGRESSIVE;
				GCC_WARN_UNUSED_FUNCTION = YES;
				GCC_WARN_UNUSED_VARIABLE = YES;
				IPHONEOS_DEPLOYMENT_TARGET = 17.0;
				LOCALIZATION_PREFERS_STRING_CATALOGS = YES;
				MTL_ENABLE_DEBUG_INFO = INCLUDE_SOURCE;
				MTL_FAST_MATH = YES;
				ONLY_ACTIVE_ARCH = YES;
				SDKROOT = iphoneos;
				SWIFT_ACTIVE_COMPILATION_CONDITIONS = "DEBUG $(inherited)";
				SWIFT_OPTIMIZATION_LEVEL = "-Onone";
			};
			name = Debug;
		};
		FA17D8712AF51D1F00FC53C0 /* Release */ = {
			isa = XCBuildConfiguration;
			buildSettings = {
				ALWAYS_SEARCH_USER_PATHS = NO;
				ASSETCATALOG_COMPILER_GENERATE_SWIFT_ASSET_SYMBOL_EXTENSIONS = YES;
				CLANG_ANALYZER_NONNULL = YES;
				CLANG_ANALYZER_NUMBER_OBJECT_CONVERSION = YES_AGGRESSIVE;
				CLANG_CXX_LANGUAGE_STANDARD = "gnu++20";
				CLANG_ENABLE_MODULES = YES;
				CLANG_ENABLE_OBJC_ARC = YES;
				CLANG_ENABLE_OBJC_WEAK = YES;
				CLANG_WARN_BLOCK_CAPTURE_AUTORELEASING = YES;
				CLANG_WARN_BOOL_CONVERSION = YES;
				CLANG_WARN_COMMA = YES;
				CLANG_WARN_CONSTANT_CONVERSION = YES;
				CLANG_WARN_DEPRECATED_OBJC_IMPLEMENTATIONS = YES;
				CLANG_WARN_DIRECT_OBJC_ISA_USAGE = YES_ERROR;
				CLANG_WARN_DOCUMENTATION_COMMENTS = YES;
				CLANG_WARN_EMPTY_BODY = YES;
				CLANG_WARN_ENUM_CONVERSION = YES;
				CLANG_WARN_INFINITE_RECURSION = YES;
				CLANG_WARN_INT_CONVERSION = YES;
				CLANG_WARN_NON_LITERAL_NULL_CONVERSION = YES;
				CLANG_WARN_OBJC_IMPLICIT_RETAIN_SELF = YES;
				CLANG_WARN_OBJC_LITERAL_CONVERSION = YES;
				CLANG_WARN_OBJC_ROOT_CLASS = YES_ERROR;
				CLANG_WARN_QUOTED_INCLUDE_IN_FRAMEWORK_HEADER = YES;
				CLANG_WARN_RANGE_LOOP_ANALYSIS = YES;
				CLANG_WARN_STRICT_PROTOTYPES = YES;
				CLANG_WARN_SUSPICIOUS_MOVE = YES;
				CLANG_WARN_UNGUARDED_AVAILABILITY = YES_AGGRESSIVE;
				CLANG_WARN_UNREACHABLE_CODE = YES;
				CLANG_WARN__DUPLICATE_METHOD_MATCH = YES;
				COPY_PHASE_STRIP = NO;
				DEBUG_INFORMATION_FORMAT = "dwarf-with-dsym";
				ENABLE_NS_ASSERTIONS = NO;
				ENABLE_STRICT_OBJC_MSGSEND = YES;
				ENABLE_USER_SCRIPT_SANDBOXING = YES;
				GCC_C_LANGUAGE_STANDARD = gnu17;
				GCC_NO_COMMON_BLOCKS = YES;
				GCC_WARN_64_TO_32_BIT_CONVERSION = YES;
				GCC_WARN_ABOUT_RETURN_TYPE = YES_ERROR;
				GCC_WARN_UNDECLARED_SELECTOR = YES;
				GCC_WARN_UNINITIALIZED_AUTOS = YES_AGGRESSIVE;
				GCC_WARN_UNUSED_FUNCTION = YES;
				GCC_WARN_UNUSED_VARIABLE = YES;
				IPHONEOS_DEPLOYMENT_TARGET = 17.0;
				LOCALIZATION_PREFERS_STRING_CATALOGS = YES;
				MTL_ENABLE_DEBUG_INFO = NO;
				MTL_FAST_MATH = YES;
				SDKROOT = iphoneos;
				SWIFT_COMPILATION_MODE = wholemodule;
				VALIDATE_PRODUCT = YES;
			};
			name = Release;
		};
		FA17D8732AF51D1F00FC53C0 /* Debug */ = {
			isa = XCBuildConfiguration;
			buildSettings = {
				ASSETCATALOG_COMPILER_APPICON_NAME = AppIcon;
				ASSETCATALOG_COMPILER_GLOBAL_ACCENT_COLOR_NAME = AccentColor;
				CODE_SIGN_IDENTITY = "Apple Development";
				CODE_SIGN_STYLE = Automatic;
				CURRENT_PROJECT_VERSION = 1;
				DEVELOPMENT_TEAM = NBYQDHH5LM;
				GENERATE_INFOPLIST_FILE = YES;
				INFOPLIST_FILE = ScandTest/Info.plist;
				INFOPLIST_KEY_UIApplicationSupportsIndirectInputEvents = YES;
				INFOPLIST_KEY_UILaunchStoryboardName = LaunchScreen;
				INFOPLIST_KEY_UIMainStoryboardFile = MainView;
				INFOPLIST_KEY_UISupportedInterfaceOrientations_iPad = "UIInterfaceOrientationPortrait UIInterfaceOrientationPortraitUpsideDown UIInterfaceOrientationLandscapeLeft UIInterfaceOrientationLandscapeRight";
				INFOPLIST_KEY_UISupportedInterfaceOrientations_iPhone = "UIInterfaceOrientationPortrait UIInterfaceOrientationLandscapeLeft UIInterfaceOrientationLandscapeRight";
				IPHONEOS_DEPLOYMENT_TARGET = 15.0;
				LD_RUNPATH_SEARCH_PATHS = (
					"$(inherited)",
					"@executable_path/Frameworks",
				);
				MARKETING_VERSION = 1.0;
				OTHER_LDFLAGS = (
					"-Xlinker",
					"-no_warn_duplicate_libraries",
				);
				PRODUCT_BUNDLE_IDENTIFIER = com.gmail.alex.vasilevski007.ScandTest;
				PRODUCT_NAME = "$(TARGET_NAME)";
				PROVISIONING_PROFILE_SPECIFIER = "";
				SUPPORTED_PLATFORMS = "iphoneos iphonesimulator";
				SUPPORTS_MACCATALYST = NO;
				SUPPORTS_MAC_DESIGNED_FOR_IPHONE_IPAD = NO;
				SWIFT_EMIT_LOC_STRINGS = YES;
				SWIFT_VERSION = 5.0;
				TARGETED_DEVICE_FAMILY = "1,2";
			};
			name = Debug;
		};
		FA17D8742AF51D1F00FC53C0 /* Release */ = {
			isa = XCBuildConfiguration;
			buildSettings = {
				ASSETCATALOG_COMPILER_APPICON_NAME = AppIcon;
				ASSETCATALOG_COMPILER_GLOBAL_ACCENT_COLOR_NAME = AccentColor;
				CODE_SIGN_STYLE = Automatic;
				CURRENT_PROJECT_VERSION = 1;
				DEVELOPMENT_TEAM = NBYQDHH5LM;
				GENERATE_INFOPLIST_FILE = YES;
				INFOPLIST_FILE = ScandTest/Info.plist;
				INFOPLIST_KEY_UIApplicationSupportsIndirectInputEvents = YES;
				INFOPLIST_KEY_UILaunchStoryboardName = LaunchScreen;
				INFOPLIST_KEY_UIMainStoryboardFile = MainView;
				INFOPLIST_KEY_UISupportedInterfaceOrientations_iPad = "UIInterfaceOrientationPortrait UIInterfaceOrientationPortraitUpsideDown UIInterfaceOrientationLandscapeLeft UIInterfaceOrientationLandscapeRight";
				INFOPLIST_KEY_UISupportedInterfaceOrientations_iPhone = "UIInterfaceOrientationPortrait UIInterfaceOrientationLandscapeLeft UIInterfaceOrientationLandscapeRight";
				IPHONEOS_DEPLOYMENT_TARGET = 15.0;
				LD_RUNPATH_SEARCH_PATHS = (
					"$(inherited)",
					"@executable_path/Frameworks",
				);
				MARKETING_VERSION = 1.0;
				OTHER_LDFLAGS = (
					"-Xlinker",
					"-no_warn_duplicate_libraries",
				);
				PRODUCT_BUNDLE_IDENTIFIER = com.gmail.alex.vasilevski007.ScandTest;
				PRODUCT_NAME = "$(TARGET_NAME)";
				SUPPORTED_PLATFORMS = "iphoneos iphonesimulator";
				SUPPORTS_MACCATALYST = NO;
				SUPPORTS_MAC_DESIGNED_FOR_IPHONE_IPAD = NO;
				SWIFT_EMIT_LOC_STRINGS = YES;
				SWIFT_VERSION = 5.0;
				TARGETED_DEVICE_FAMILY = "1,2";
			};
			name = Release;
		};
/* End XCBuildConfiguration section */

/* Begin XCConfigurationList section */
		FA17D8562AF51D1C00FC53C0 /* Build configuration list for PBXProject "ScandTest" */ = {
			isa = XCConfigurationList;
			buildConfigurations = (
				FA17D8702AF51D1F00FC53C0 /* Debug */,
				FA17D8712AF51D1F00FC53C0 /* Release */,
			);
			defaultConfigurationIsVisible = 0;
			defaultConfigurationName = Release;
		};
		FA17D8722AF51D1F00FC53C0 /* Build configuration list for PBXNativeTarget "ScandTest" */ = {
			isa = XCConfigurationList;
			buildConfigurations = (
				FA17D8732AF51D1F00FC53C0 /* Debug */,
				FA17D8742AF51D1F00FC53C0 /* Release */,
			);
			defaultConfigurationIsVisible = 0;
			defaultConfigurationName = Release;
		};
/* End XCConfigurationList section */

/* Begin XCRemoteSwiftPackageReference section */
		FA243E982AF67F7A00D1C647 /* XCRemoteSwiftPackageReference "firebase-ios-sdk" */ = {
			isa = XCRemoteSwiftPackageReference;
			repositoryURL = "https://github.com/firebase/firebase-ios-sdk";
			requirement = {
				kind = upToNextMajorVersion;
				minimumVersion = 10.17.0;
			};
		};
/* End XCRemoteSwiftPackageReference section */

/* Begin XCSwiftPackageProductDependency section */
		FA243E992AF67F7A00D1C647 /* FirebaseAnalytics */ = {
			isa = XCSwiftPackageProductDependency;
			package = FA243E982AF67F7A00D1C647 /* XCRemoteSwiftPackageReference "firebase-ios-sdk" */;
			productName = FirebaseAnalytics;
		};
		FA243E9B2AF67F7A00D1C647 /* FirebaseAuth */ = {
			isa = XCSwiftPackageProductDependency;
			package = FA243E982AF67F7A00D1C647 /* XCRemoteSwiftPackageReference "firebase-ios-sdk" */;
			productName = FirebaseAuth;
		};
		FA243E9D2AF67F7A00D1C647 /* FirebaseAuthCombine-Community */ = {
			isa = XCSwiftPackageProductDependency;
			package = FA243E982AF67F7A00D1C647 /* XCRemoteSwiftPackageReference "firebase-ios-sdk" */;
			productName = "FirebaseAuthCombine-Community";
		};
		FA243E9F2AF67F7A00D1C647 /* FirebaseCrashlytics */ = {
			isa = XCSwiftPackageProductDependency;
			package = FA243E982AF67F7A00D1C647 /* XCRemoteSwiftPackageReference "firebase-ios-sdk" */;
			productName = FirebaseCrashlytics;
		};
		FA243EA12AF67F7A00D1C647 /* FirebaseDatabase */ = {
			isa = XCSwiftPackageProductDependency;
			package = FA243E982AF67F7A00D1C647 /* XCRemoteSwiftPackageReference "firebase-ios-sdk" */;
			productName = FirebaseDatabase;
		};
		FA243EA32AF67F7A00D1C647 /* FirebaseFirestore */ = {
			isa = XCSwiftPackageProductDependency;
			package = FA243E982AF67F7A00D1C647 /* XCRemoteSwiftPackageReference "firebase-ios-sdk" */;
			productName = FirebaseFirestore;
		};
		FA243EA52AF67F7A00D1C647 /* FirebaseFirestoreCombine-Community */ = {
			isa = XCSwiftPackageProductDependency;
			package = FA243E982AF67F7A00D1C647 /* XCRemoteSwiftPackageReference "firebase-ios-sdk" */;
			productName = "FirebaseFirestoreCombine-Community";
		};
/* End XCSwiftPackageProductDependency section */

/* Begin XCVersionGroup section */
		FA17D8672AF51D1C00FC53C0 /* ScandTest.xcdatamodeld */ = {
			isa = XCVersionGroup;
			children = (
				FA17D8682AF51D1C00FC53C0 /* ScandTest.xcdatamodel */,
			);
			currentVersion = FA17D8682AF51D1C00FC53C0 /* ScandTest.xcdatamodel */;
			path = ScandTest.xcdatamodeld;
			sourceTree = "<group>";
			versionGroupType = wrapper.xcdatamodel;
		};
/* End XCVersionGroup section */
	};
	rootObject = FA17D8532AF51D1C00FC53C0 /* Project object */;
}
